
Microsoft Visual Studio Solution File, Format Version 12.00
# Visual Studio Version 17
VisualStudioVersion = 17.0.31903.59
MinimumVisualStudioVersion = 10.0.40219.1
Project("{2150E333-8FDC-42A3-9474-1A3956D46DE8}") = "src", "src", "{827E0CD3-B72D-47B6-A68D-7590B98EB39B}"
EndProject
Project("{FAE04EC0-301F-11D3-BF4B-00C04F79EFBC}") = "SchoolAdmin.Data", "src\SchoolAdmin.Data\SchoolAdmin.Data.csproj", "{B613A088-180B-4DB9-9BD8-9D3BC079C35C}"
EndProject
Project("{FAE04EC0-301F-11D3-BF4B-00C04F79EFBC}") = "SchoolAdmin.App", "src\SchoolAdmin.App\SchoolAdmin.App.csproj", "{4762B006-26C7-4DFC-A9BC-7B82954C4411}"
EndProject
Project("{FAE04EC0-301F-11D3-BF4B-00C04F79EFBC}") = "SchoolAdmin.Web", "src\SchoolAdmin.Web\SchoolAdmin.Web.csproj", "{F2BF3F24-9F04-451D-86FF-3F453A1A057B}"
EndProject
Global
	GlobalSection(SolutionConfigurationPlatforms) = preSolution
		Debug|Any CPU = Debug|Any CPU
		Debug|x64 = Debug|x64
		Debug|x86 = Debug|x86
		Release|Any CPU = Release|Any CPU
		Release|x64 = Release|x64
		Release|x86 = Release|x86
	EndGlobalSection
	GlobalSection(ProjectConfigurationPlatforms) = postSolution
		{B613A088-180B-4DB9-9BD8-9D3BC079C35C}.Debug|Any CPU.ActiveCfg = Debug|Any CPU
		{B613A088-180B-4DB9-9BD8-9D3BC079C35C}.Debug|Any CPU.Build.0 = Debug|Any CPU
		{B613A088-180B-4DB9-9BD8-9D3BC079C35C}.Debug|x64.ActiveCfg = Debug|Any CPU
		{B613A088-180B-4DB9-9BD8-9D3BC079C35C}.Debug|x64.Build.0 = Debug|Any CPU
		{B613A088-180B-4DB9-9BD8-9D3BC079C35C}.Debug|x86.ActiveCfg = Debug|Any CPU
		{B613A088-180B-4DB9-9BD8-9D3BC079C35C}.Debug|x86.Build.0 = Debug|Any CPU
		{B613A088-180B-4DB9-9BD8-9D3BC079C35C}.Release|Any CPU.ActiveCfg = Release|Any CPU
		{B613A088-180B-4DB9-9BD8-9D3BC079C35C}.Release|Any CPU.Build.0 = Release|Any CPU
		{B613A088-180B-4DB9-9BD8-9D3BC079C35C}.Release|x64.ActiveCfg = Release|Any CPU
		{B613A088-180B-4DB9-9BD8-9D3BC079C35C}.Release|x64.Build.0 = Release|Any CPU
		{B613A088-180B-4DB9-9BD8-9D3BC079C35C}.Release|x86.ActiveCfg = Release|Any CPU
		{B613A088-180B-4DB9-9BD8-9D3BC079C35C}.Release|x86.Build.0 = Release|Any CPU
		{4762B006-26C7-4DFC-A9BC-7B82954C4411}.Debug|Any CPU.ActiveCfg = Debug|Any CPU
		{4762B006-26C7-4DFC-A9BC-7B82954C4411}.Debug|Any CPU.Build.0 = Debug|Any CPU
		{4762B006-26C7-4DFC-A9BC-7B82954C4411}.Debug|x64.ActiveCfg = Debug|Any CPU
		{4762B006-26C7-4DFC-A9BC-7B82954C4411}.Debug|x64.Build.0 = Debug|Any CPU
		{4762B006-26C7-4DFC-A9BC-7B82954C4411}.Debug|x86.ActiveCfg = Debug|Any CPU
		{4762B006-26C7-4DFC-A9BC-7B82954C4411}.Debug|x86.Build.0 = Debug|Any CPU
		{4762B006-26C7-4DFC-A9BC-7B82954C4411}.Release|Any CPU.ActiveCfg = Release|Any CPU
		{4762B006-26C7-4DFC-A9BC-7B82954C4411}.Release|Any CPU.Build.0 = Release|Any CPU
		{4762B006-26C7-4DFC-A9BC-7B82954C4411}.Release|x64.ActiveCfg = Release|Any CPU
		{4762B006-26C7-4DFC-A9BC-7B82954C4411}.Release|x64.Build.0 = Release|Any CPU
		{4762B006-26C7-4DFC-A9BC-7B82954C4411}.Release|x86.ActiveCfg = Release|Any CPU
		{4762B006-26C7-4DFC-A9BC-7B82954C4411}.Release|x86.Build.0 = Release|Any CPU
		{F2BF3F24-9F04-451D-86FF-3F453A1A057B}.Debug|Any CPU.ActiveCfg = Debug|Any CPU
		{F2BF3F24-9F04-451D-86FF-3F453A1A057B}.Debug|Any CPU.Build.0 = Debug|Any CPU
		{F2BF3F24-9F04-451D-86FF-3F453A1A057B}.Debug|x64.ActiveCfg = Debug|Any CPU
		{F2BF3F24-9F04-451D-86FF-3F453A1A057B}.Debug|x64.Build.0 = Debug|Any CPU
		{F2BF3F24-9F04-451D-86FF-3F453A1A057B}.Debug|x86.ActiveCfg = Debug|Any CPU
		{F2BF3F24-9F04-451D-86FF-3F453A1A057B}.Debug|x86.Build.0 = Debug|Any CPU
		{F2BF3F24-9F04-451D-86FF-3F453A1A057B}.Release|Any CPU.ActiveCfg = Release|Any CPU
		{F2BF3F24-9F04-451D-86FF-3F453A1A057B}.Release|Any CPU.Build.0 = Release|Any CPU
		{F2BF3F24-9F04-451D-86FF-3F453A1A057B}.Release|x64.ActiveCfg = Release|Any CPU
		{F2BF3F24-9F04-451D-86FF-3F453A1A057B}.Release|x64.Build.0 = Release|Any CPU
		{F2BF3F24-9F04-451D-86FF-3F453A1A057B}.Release|x86.ActiveCfg = Release|Any CPU
		{F2BF3F24-9F04-451D-86FF-3F453A1A057B}.Release|x86.Build.0 = Release|Any CPU
	EndGlobalSection
	GlobalSection(SolutionProperties) = preSolution
		HideSolutionNode = FALSE
	EndGlobalSection
	GlobalSection(NestedProjects) = preSolution
		{B613A088-180B-4DB9-9BD8-9D3BC079C35C} = {827E0CD3-B72D-47B6-A68D-7590B98EB39B}
		{4762B006-26C7-4DFC-A9BC-7B82954C4411} = {827E0CD3-B72D-47B6-A68D-7590B98EB39B}
		{F2BF3F24-9F04-451D-86FF-3F453A1A057B} = {827E0CD3-B72D-47B6-A68D-7590B98EB39B}
	EndGlobalSection
EndGlobal
